
Microsoft Visual Studio Solution File, Format Version 12.00
# Visual Studio Version 16
VisualStudioVersion = 16.0.30717.126
MinimumVisualStudioVersion = 10.0.40219.1
Project("{FAE04EC0-301F-11D3-BF4B-00C04F79EFBC}") = "UNIGuard", "UNIGuard\UNIGuard.csproj", "{BB96948B-EFC2-4852-9D8B-67D46AA45B09}"
EndProject
Project("{FAE04EC0-301F-11D3-BF4B-00C04F79EFBC}") = "UniGuardClassLibrary", "ClassLibrary1\UniGuardClassLibrary.csproj", "{DA59D787-4E9A-4F4D-AC0F-A3D0E963E974}"
EndProject
Global
	GlobalSection(SolutionConfigurationPlatforms) = preSolution
		Debug|Any CPU = Debug|Any CPU
		Release|Any CPU = Release|Any CPU
	EndGlobalSection
	GlobalSection(ProjectConfigurationPlatforms) = postSolution
		{BB96948B-EFC2-4852-9D8B-67D46AA45B09}.Debug|Any CPU.ActiveCfg = Debug|Any CPU
		{BB96948B-EFC2-4852-9D8B-67D46AA45B09}.Debug|Any CPU.Build.0 = Debug|Any CPU
		{BB96948B-EFC2-4852-9D8B-67D46AA45B09}.Release|Any CPU.ActiveCfg = Release|Any CPU
		{BB96948B-EFC2-4852-9D8B-67D46AA45B09}.Release|Any CPU.Build.0 = Release|Any CPU
		{DA59D787-4E9A-4F4D-AC0F-A3D0E963E974}.Debug|Any CPU.ActiveCfg = Debug|Any CPU
		{DA59D787-4E9A-4F4D-AC0F-A3D0E963E974}.Debug|Any CPU.Build.0 = Debug|Any CPU
		{DA59D787-4E9A-4F4D-AC0F-A3D0E963E974}.Release|Any CPU.ActiveCfg = Release|Any CPU
		{DA59D787-4E9A-4F4D-AC0F-A3D0E963E974}.Release|Any CPU.Build.0 = Release|Any CPU
	EndGlobalSection
	GlobalSection(SolutionProperties) = preSolution
		HideSolutionNode = FALSE
	EndGlobalSection
	GlobalSection(ExtensibilityGlobals) = postSolution
		SolutionGuid = {B8E7D855-F3C3-48AC-82A1-8EAF4F6B4B70}
	EndGlobalSection
EndGlobal
